<?xml version="1.0" encoding="utf-8"?>
<Project ToolsVersion="4.0" xmlns="http://schemas.microsoft.com/developer/msbuild/2003">
  <ItemGroup>
    <Filter Include="Fichiers sources">
      <UniqueIdentifier>{4FC737F1-C7A5-4376-A066-2A32D752A2FF}</UniqueIdentifier>
      <Extensions>cpp;c;cc;cxx;def;odl;idl;hpj;bat;asm;asmx</Extensions>
    </Filter>
    <Filter Include="Fichiers d%27en-tête">
      <UniqueIdentifier>{93995380-89BD-4b04-88EB-625FBE52EBFB}</UniqueIdentifier>
      <Extensions>h;hh;hpp;hxx;hm;inl;inc;ipp;xsd</Extensions>
    </Filter>
    <Filter Include="Fichiers de ressources">
      <UniqueIdentifier>{67DA6AB6-F800-4c08-8B7A-83BB121AAD01}</UniqueIdentifier>
      <Extensions>rc;ico;cur;bmp;dlg;rc2;rct;bin;rgs;gif;jpg;jpeg;jpe;resx;tiff;tif;png;wav;mfcribbon-ms</Extensions>
    </Filter>
  </ItemGroup>
  <ItemGroup>
    <ClCompile Include="VEngine.cpp">
      <Filter>Fichiers sources</Filter>
    </ClCompile>
    <ClCompile Include="src\Context.cpp">
      <Filter>Fichiers sources</Filter>
    </ClCompile>
    <ClCompile Include="librairies\nv_helpers_vk\BottomLevelASGenerator.cpp">
      <Filter>Fichiers sources</Filter>
    </ClCompile>
    <ClCompile Include="librairies\nv_helpers_vk\DescriptorSetGenerator.cpp">
      <Filter>Fichiers sources</Filter>
    </ClCompile>
    <ClCompile Include="librairies\nv_helpers_vk\RaytracingPipelineGenerator.cpp">
      <Filter>Fichiers sources</Filter>
    </ClCompile>
    <ClCompile Include="librairies\nv_helpers_vk\ShaderBindingTableGenerator.cpp">
      <Filter>Fichiers sources</Filter>
    </ClCompile>
    <ClCompile Include="librairies\nv_helpers_vk\TopLevelASGenerator.cpp">
      <Filter>Fichiers sources</Filter>
    </ClCompile>
    <ClCompile Include="librairies\nv_helpers_vk\VKHelpers.cpp">
      <Filter>Fichiers sources</Filter>
    </ClCompile>
    <ClCompile Include="src\Game.cpp">
      <Filter>Fichiers sources</Filter>
    </ClCompile>
    <ClCompile Include="src\Mesh.cpp">
      <Filter>Fichiers sources</Filter>
    </ClCompile>
    <ClCompile Include="src\VLight.cpp">
      <Filter>Fichiers sources</Filter>
    </ClCompile>
    <ClCompile Include="librairies\vulkan_raytracing.cpp">
      <Filter>Fichiers sources</Filter>
    </ClCompile>
  </ItemGroup>
  <ItemGroup>
    <ClInclude Include="librairies\nv_helpers_vk\BottomLevelASGenerator.h">
      <Filter>Fichiers d%27en-tête</Filter>
    </ClInclude>
    <ClInclude Include="librairies\nv_helpers_vk\DescriptorSetGenerator.h">
      <Filter>Fichiers d%27en-tête</Filter>
    </ClInclude>
    <ClInclude Include="librairies\nv_helpers_vk\RaytracingPipelineGenerator.h">
      <Filter>Fichiers d%27en-tête</Filter>
    </ClInclude>
    <ClInclude Include="librairies\nv_helpers_vk\ShaderBindingTableGenerator.h">
      <Filter>Fichiers d%27en-tête</Filter>
    </ClInclude>
    <ClInclude Include="librairies\nv_helpers_vk\TopLevelASGenerator.h">
      <Filter>Fichiers d%27en-tête</Filter>
    </ClInclude>
    <ClInclude Include="librairies\nv_helpers_vk\VKHelpers.h">
      <Filter>Fichiers d%27en-tête</Filter>
    </ClInclude>
    <ClInclude Include="librairies\ASSIMP\include\Compiler\poppack1.h">
      <Filter>Fichiers d%27en-tête</Filter>
    </ClInclude>
    <ClInclude Include="librairies\ASSIMP\include\Compiler\pstdint.h">
      <Filter>Fichiers d%27en-tête</Filter>
    </ClInclude>
    <ClInclude Include="librairies\ASSIMP\include\Compiler\pushpack1.h">
      <Filter>Fichiers d%27en-tête</Filter>
    </ClInclude>
    <ClInclude Include="librairies\ASSIMP\include\port\AndroidJNI\AndroidJNIIOSystem.h">
      <Filter>Fichiers d%27en-tête</Filter>
    </ClInclude>
    <ClInclude Include="librairies\ASSIMP\include\assimp\Compiler\poppack1.h">
      <Filter>Fichiers d%27en-tête</Filter>
    </ClInclude>
    <ClInclude Include="librairies\ASSIMP\include\assimp\Compiler\pstdint.h">
      <Filter>Fichiers d%27en-tête</Filter>
    </ClInclude>
    <ClInclude Include="librairies\ASSIMP\include\assimp\Compiler\pushpack1.h">
      <Filter>Fichiers d%27en-tête</Filter>
    </ClInclude>
    <ClInclude Include="librairies\ASSIMP\include\assimp\port\AndroidJNI\AndroidJNIIOSystem.h">
      <Filter>Fichiers d%27en-tête</Filter>
    </ClInclude>
    <ClInclude Include="librairies\ASSIMP\include\assimp\aabb.h">
      <Filter>Fichiers d%27en-tête</Filter>
    </ClInclude>
    <ClInclude Include="librairies\ASSIMP\include\assimp\ai_assert.h">
      <Filter>Fichiers d%27en-tête</Filter>
    </ClInclude>
    <ClInclude Include="librairies\ASSIMP\include\assimp\anim.h">
      <Filter>Fichiers d%27en-tête</Filter>
    </ClInclude>
    <ClInclude Include="librairies\ASSIMP\include\assimp\BaseImporter.h">
      <Filter>Fichiers d%27en-tête</Filter>
    </ClInclude>
    <ClInclude Include="librairies\ASSIMP\include\assimp\Bitmap.h">
      <Filter>Fichiers d%27en-tête</Filter>
    </ClInclude>
    <ClInclude Include="librairies\ASSIMP\include\assimp\BlobIOSystem.h">
      <Filter>Fichiers d%27en-tête</Filter>
    </ClInclude>
    <ClInclude Include="librairies\ASSIMP\include\assimp\ByteSwapper.h">
      <Filter>Fichiers d%27en-tête</Filter>
    </ClInclude>
    <ClInclude Include="librairies\ASSIMP\include\assimp\camera.h">
      <Filter>Fichiers d%27en-tête</Filter>
    </ClInclude>
    <ClInclude Include="librairies\ASSIMP\include\assimp\cexport.h">
      <Filter>Fichiers d%27en-tête</Filter>
    </ClInclude>
    <ClInclude Include="librairies\ASSIMP\include\assimp\cfileio.h">
      <Filter>Fichiers d%27en-tête</Filter>
    </ClInclude>
    <ClInclude Include="librairies\ASSIMP\include\assimp\cimport.h">
      <Filter>Fichiers d%27en-tête</Filter>
    </ClInclude>
    <ClInclude Include="librairies\ASSIMP\include\assimp\color4.h">
      <Filter>Fichiers d%27en-tête</Filter>
    </ClInclude>
    <ClInclude Include="librairies\ASSIMP\include\assimp\config.h">
      <Filter>Fichiers d%27en-tête</Filter>
    </ClInclude>
    <ClInclude Include="librairies\ASSIMP\include\assimp\CreateAnimMesh.h">
      <Filter>Fichiers d%27en-tête</Filter>
    </ClInclude>
    <ClInclude Include="librairies\ASSIMP\include\assimp\DefaultIOStream.h">
      <Filter>Fichiers d%27en-tête</Filter>
    </ClInclude>
    <ClInclude Include="librairies\ASSIMP\include\assimp\DefaultIOSystem.h">
      <Filter>Fichiers d%27en-tête</Filter>
    </ClInclude>
    <ClInclude Include="librairies\ASSIMP\include\assimp\DefaultLogger.hpp">
      <Filter>Fichiers d%27en-tête</Filter>
    </ClInclude>
    <ClInclude Include="librairies\ASSIMP\include\assimp\Defines.h">
      <Filter>Fichiers d%27en-tête</Filter>
    </ClInclude>
    <ClInclude Include="librairies\ASSIMP\include\assimp\defs.h">
      <Filter>Fichiers d%27en-tête</Filter>
    </ClInclude>
    <ClInclude Include="librairies\ASSIMP\include\assimp\Exceptional.h">
      <Filter>Fichiers d%27en-tête</Filter>
    </ClInclude>
    <ClInclude Include="librairies\ASSIMP\include\assimp\Exporter.hpp">
      <Filter>Fichiers d%27en-tête</Filter>
    </ClInclude>
    <ClInclude Include="librairies\ASSIMP\include\assimp\fast_atof.h">
      <Filter>Fichiers d%27en-tête</Filter>
    </ClInclude>
    <ClInclude Include="librairies\ASSIMP\include\assimp\GenericProperty.h">
      <Filter>Fichiers d%27en-tête</Filter>
    </ClInclude>
    <ClInclude Include="librairies\ASSIMP\include\assimp\Hash.h">
      <Filter>Fichiers d%27en-tête</Filter>
    </ClInclude>
    <ClInclude Include="librairies\ASSIMP\include\assimp\Importer.hpp">
      <Filter>Fichiers d%27en-tête</Filter>
    </ClInclude>
    <ClInclude Include="librairies\ASSIMP\include\assimp\importerdesc.h">
      <Filter>Fichiers d%27en-tête</Filter>
    </ClInclude>
    <ClInclude Include="librairies\ASSIMP\include\assimp\IOStream.hpp">
      <Filter>Fichiers d%27en-tête</Filter>
    </ClInclude>
    <ClInclude Include="librairies\ASSIMP\include\assimp\IOStreamBuffer.h">
      <Filter>Fichiers d%27en-tête</Filter>
    </ClInclude>
    <ClInclude Include="librairies\ASSIMP\include\assimp\IOSystem.hpp">
      <Filter>Fichiers d%27en-tête</Filter>
    </ClInclude>
    <ClInclude Include="librairies\ASSIMP\include\assimp\irrXMLWrapper.h">
      <Filter>Fichiers d%27en-tête</Filter>
    </ClInclude>
    <ClInclude Include="librairies\ASSIMP\include\assimp\light.h">
      <Filter>Fichiers d%27en-tête</Filter>
    </ClInclude>
    <ClInclude Include="librairies\ASSIMP\include\assimp\LineSplitter.h">
      <Filter>Fichiers d%27en-tête</Filter>
    </ClInclude>
    <ClInclude Include="librairies\ASSIMP\include\assimp\LogAux.h">
      <Filter>Fichiers d%27en-tête</Filter>
    </ClInclude>
    <ClInclude Include="librairies\ASSIMP\include\assimp\Logger.hpp">
      <Filter>Fichiers d%27en-tête</Filter>
    </ClInclude>
    <ClInclude Include="librairies\ASSIMP\include\assimp\LogStream.hpp">
      <Filter>Fichiers d%27en-tête</Filter>
    </ClInclude>
    <ClInclude Include="librairies\ASSIMP\include\assimp\Macros.h">
      <Filter>Fichiers d%27en-tête</Filter>
    </ClInclude>
    <ClInclude Include="librairies\ASSIMP\include\assimp\material.h">
      <Filter>Fichiers d%27en-tête</Filter>
    </ClInclude>
    <ClInclude Include="librairies\ASSIMP\include\assimp\MathFunctions.h">
      <Filter>Fichiers d%27en-tête</Filter>
    </ClInclude>
    <ClInclude Include="librairies\ASSIMP\include\assimp\matrix3x3.h">
      <Filter>Fichiers d%27en-tête</Filter>
    </ClInclude>
    <ClInclude Include="librairies\ASSIMP\include\assimp\matrix4x4.h">
      <Filter>Fichiers d%27en-tête</Filter>
    </ClInclude>
    <ClInclude Include="librairies\ASSIMP\include\assimp\MemoryIOWrapper.h">
      <Filter>Fichiers d%27en-tête</Filter>
    </ClInclude>
    <ClInclude Include="librairies\ASSIMP\include\assimp\mesh.h">
      <Filter>Fichiers d%27en-tête</Filter>
    </ClInclude>
    <ClInclude Include="librairies\ASSIMP\include\assimp\metadata.h">
      <Filter>Fichiers d%27en-tête</Filter>
    </ClInclude>
    <ClInclude Include="librairies\ASSIMP\include\assimp\NullLogger.hpp">
      <Filter>Fichiers d%27en-tête</Filter>
    </ClInclude>
    <ClInclude Include="librairies\ASSIMP\include\assimp\ParsingUtils.h">
      <Filter>Fichiers d%27en-tête</Filter>
    </ClInclude>
    <ClInclude Include="librairies\ASSIMP\include\assimp\pbrmaterial.h">
      <Filter>Fichiers d%27en-tête</Filter>
    </ClInclude>
    <ClInclude Include="librairies\ASSIMP\include\assimp\postprocess.h">
      <Filter>Fichiers d%27en-tête</Filter>
    </ClInclude>
    <ClInclude Include="librairies\ASSIMP\include\assimp\Profiler.h">
      <Filter>Fichiers d%27en-tête</Filter>
    </ClInclude>
    <ClInclude Include="librairies\ASSIMP\include\assimp\ProgressHandler.hpp">
      <Filter>Fichiers d%27en-tête</Filter>
    </ClInclude>
    <ClInclude Include="librairies\ASSIMP\include\assimp\qnan.h">
      <Filter>Fichiers d%27en-tête</Filter>
    </ClInclude>
    <ClInclude Include="librairies\ASSIMP\include\assimp\quaternion.h">
      <Filter>Fichiers d%27en-tête</Filter>
    </ClInclude>
    <ClInclude Include="librairies\ASSIMP\include\assimp\RemoveComments.h">
      <Filter>Fichiers d%27en-tête</Filter>
    </ClInclude>
    <ClInclude Include="librairies\ASSIMP\include\assimp\scene.h">
      <Filter>Fichiers d%27en-tête</Filter>
    </ClInclude>
    <ClInclude Include="librairies\ASSIMP\include\assimp\SceneCombiner.h">
      <Filter>Fichiers d%27en-tête</Filter>
    </ClInclude>
    <ClInclude Include="librairies\ASSIMP\include\assimp\SGSpatialSort.h">
      <Filter>Fichiers d%27en-tête</Filter>
    </ClInclude>
    <ClInclude Include="librairies\ASSIMP\include\assimp\SkeletonMeshBuilder.h">
      <Filter>Fichiers d%27en-tête</Filter>
    </ClInclude>
    <ClInclude Include="librairies\ASSIMP\include\assimp\SmoothingGroups.h">
      <Filter>Fichiers d%27en-tête</Filter>
    </ClInclude>
    <ClInclude Include="librairies\ASSIMP\include\assimp\SpatialSort.h">
      <Filter>Fichiers d%27en-tête</Filter>
    </ClInclude>
    <ClInclude Include="librairies\ASSIMP\include\assimp\StandardShapes.h">
      <Filter>Fichiers d%27en-tête</Filter>
    </ClInclude>
    <ClInclude Include="librairies\ASSIMP\include\assimp\StreamReader.h">
      <Filter>Fichiers d%27en-tête</Filter>
    </ClInclude>
    <ClInclude Include="librairies\ASSIMP\include\assimp\StreamWriter.h">
      <Filter>Fichiers d%27en-tête</Filter>
    </ClInclude>
    <ClInclude Include="librairies\ASSIMP\include\assimp\StringComparison.h">
      <Filter>Fichiers d%27en-tête</Filter>
    </ClInclude>
    <ClInclude Include="librairies\ASSIMP\include\assimp\StringUtils.h">
      <Filter>Fichiers d%27en-tête</Filter>
    </ClInclude>
    <ClInclude Include="librairies\ASSIMP\include\assimp\Subdivision.h">
      <Filter>Fichiers d%27en-tête</Filter>
    </ClInclude>
    <ClInclude Include="librairies\ASSIMP\include\assimp\texture.h">
      <Filter>Fichiers d%27en-tête</Filter>
    </ClInclude>
    <ClInclude Include="librairies\ASSIMP\include\assimp\TinyFormatter.h">
      <Filter>Fichiers d%27en-tête</Filter>
    </ClInclude>
    <ClInclude Include="librairies\ASSIMP\include\assimp\types.h">
      <Filter>Fichiers d%27en-tête</Filter>
    </ClInclude>
    <ClInclude Include="librairies\ASSIMP\include\assimp\vector2.h">
      <Filter>Fichiers d%27en-tête</Filter>
    </ClInclude>
    <ClInclude Include="librairies\ASSIMP\include\assimp\vector3.h">
      <Filter>Fichiers d%27en-tête</Filter>
    </ClInclude>
    <ClInclude Include="librairies\ASSIMP\include\assimp\version.h">
      <Filter>Fichiers d%27en-tête</Filter>
    </ClInclude>
    <ClInclude Include="librairies\ASSIMP\include\assimp\Vertex.h">
      <Filter>Fichiers d%27en-tête</Filter>
    </ClInclude>
    <ClInclude Include="librairies\ASSIMP\include\assimp\XMLTools.h">
      <Filter>Fichiers d%27en-tête</Filter>
    </ClInclude>
    <ClInclude Include="librairies\ASSIMP\include\assimp\ZipArchiveIOSystem.h">
      <Filter>Fichiers d%27en-tête</Filter>
    </ClInclude>
    <ClInclude Include="include\VLight.h">
      <Filter>Fichiers d%27en-tête</Filter>
    </ClInclude>
    <ClInclude Include="include\VObject.h">
      <Filter>Fichiers d%27en-tête</Filter>
    </ClInclude>
    <ClInclude Include="include\VTools.h">
      <Filter>Fichiers d%27en-tête</Filter>
    </ClInclude>
    <ClInclude Include="include\VMesh.h">
      <Filter>Fichiers d%27en-tête</Filter>
    </ClInclude>
    <ClInclude Include="include\VGame.h">
      <Filter>Fichiers d%27en-tête</Filter>
    </ClInclude>
    <ClInclude Include="include\VInitializers.h">
      <Filter>Fichiers d%27en-tête</Filter>
    </ClInclude>
    <ClInclude Include="include\VDevice.h">
      <Filter>Fichiers d%27en-tête</Filter>
    </ClInclude>
    <ClInclude Include="include\VContext.h">
      <Filter>Fichiers d%27en-tête</Filter>
    </ClInclude>
    <ClInclude Include="include\VCamera.h">
      <Filter>Fichiers d%27en-tête</Filter>
    </ClInclude>
    <ClInclude Include="include\basics.h">
      <Filter>Fichiers d%27en-tête</Filter>
    </ClInclude>
  </ItemGroup>
  <ItemGroup>
    <None Include="librairies\ASSIMP\include\assimp\color4.inl">
      <Filter>Fichiers d%27en-tête</Filter>
    </None>
    <None Include="librairies\ASSIMP\include\assimp\material.inl">
      <Filter>Fichiers d%27en-tête</Filter>
    </None>
    <None Include="librairies\ASSIMP\include\assimp\matrix3x3.inl">
      <Filter>Fichiers d%27en-tête</Filter>
    </None>
    <None Include="librairies\ASSIMP\include\assimp\matrix4x4.inl">
      <Filter>Fichiers d%27en-tête</Filter>
    </None>
    <None Include="librairies\ASSIMP\include\assimp\quaternion.inl">
      <Filter>Fichiers d%27en-tête</Filter>
    </None>
    <None Include="librairies\ASSIMP\include\assimp\SmoothingGroups.inl">
      <Filter>Fichiers d%27en-tête</Filter>
    </None>
    <None Include="librairies\ASSIMP\include\assimp\vector2.inl">
      <Filter>Fichiers d%27en-tête</Filter>
    </None>
    <None Include="librairies\ASSIMP\include\assimp\vector3.inl">
      <Filter>Fichiers d%27en-tête</Filter>
    </None>
  </ItemGroup>
</Project>